
Microsoft Visual Studio Solution File, Format Version 12.00
# Visual Studio Version 16
VisualStudioVersion = 16.0.30330.147
MinimumVisualStudioVersion = 10.0.40219.1
Project("{FAE04EC0-301F-11D3-BF4B-00C04F79EFBC}") = "OTIS.WPF.DIP.Controls", "OTIS.WPF.DIP.Controls.csproj", "{626D282C-2856-42B2-971E-0212F434C072}"
EndProject
Global
	GlobalSection(SolutionConfigurationPlatforms) = preSolution
		Debug|Any CPU = Debug|Any CPU
		Release|Any CPU = Release|Any CPU
	EndGlobalSection
	GlobalSection(ProjectConfigurationPlatforms) = postSolution
		{626D282C-2856-42B2-971E-0212F434C072}.Debug|Any CPU.ActiveCfg = Debug|Any CPU
		{626D282C-2856-42B2-971E-0212F434C072}.Debug|Any CPU.Build.0 = Debug|Any CPU
		{626D282C-2856-42B2-971E-0212F434C072}.Release|Any CPU.ActiveCfg = Release|Any CPU
		{626D282C-2856-42B2-971E-0212F434C072}.Release|Any CPU.Build.0 = Release|Any CPU
	EndGlobalSection
	GlobalSection(SolutionProperties) = preSolution
		HideSolutionNode = FALSE
	EndGlobalSection
	GlobalSection(ExtensibilityGlobals) = postSolution
		SolutionGuid = {E3202DF7-2DA9-42EE-B232-3AF0E010EA88}
	EndGlobalSection
EndGlobal
